
Microsoft Visual Studio Solution File, Format Version 12.00
# Visual Studio Version 16
VisualStudioVersion = 16.0.31205.134
MinimumVisualStudioVersion = 10.0.40219.1
Project("{8BC9CEB8-8B4A-11D0-8D11-00A0C91BC942}") = "关于类与构造函数", "关于类与构造函数\关于类与构造函数.vcxproj", "{537DF8FE-E125-49B7-846B-C6EAD3D26C34}"
EndProject
Project("{8BC9CEB8-8B4A-11D0-8D11-00A0C91BC942}") = "常函数与常对象", "常函数与常对象\常函数与常对象.vcxproj", "{D0B04AFE-BBCB-41DD-BC1D-F0A97C0EB6B6}"
EndProject
Project("{8BC9CEB8-8B4A-11D0-8D11-00A0C91BC942}") = "友元-全局函数做友元", "友元\友元.vcxproj", "{63CBCB3A-29C0-4E03-B2E2-F33FDA22D634}"
EndProject
Project("{8BC9CEB8-8B4A-11D0-8D11-00A0C91BC942}") = "友元-类做友元", "友元-类做友元\友元-类做友元.vcxproj", "{F7525E46-9BCF-4B6D-9426-4DA2C5E83602}"
EndProject
Project("{8BC9CEB8-8B4A-11D0-8D11-00A0C91BC942}") = "友元-成员函数做友元", "友元-成员函数做友元\友元-成员函数做友元.vcxproj", "{F1D342CB-C413-41A7-A338-7BB6EF274F21}"
EndProject
Project("{8BC9CEB8-8B4A-11D0-8D11-00A0C91BC942}") = "运算符重载-加号运算符重载", "运算符重载-加号运算符重载\运算符重载-加号运算符重载.vcxproj", "{4788CDAC-6C53-4E00-9B41-AA602D720677}"
EndProject
Project("{8BC9CEB8-8B4A-11D0-8D11-00A0C91BC942}") = "算法", "算法-冒泡排序\算法-冒泡排序.vcxproj", "{4D72E0AF-818A-49C9-98AC-0FACE2720887}"
EndProject
Project("{8BC9CEB8-8B4A-11D0-8D11-00A0C91BC942}") = "运算符重载-左移运算符重载", "运算符重载-左移运算符重载\运算符重载-左移运算符重载.vcxproj", "{617452C7-EEAF-4071-AD12-F94F5A8AF987}"
EndProject
Project("{8BC9CEB8-8B4A-11D0-8D11-00A0C91BC942}") = "运算符重载-递增运算符重载", "运算符重载-递增运算符重载\运算符重载-递增运算符重载.vcxproj", "{F8A0013B-65D9-4A04-8FAA-3E32EEAAAA9B}"
EndProject
Project("{8BC9CEB8-8B4A-11D0-8D11-00A0C91BC942}") = "运算符重载-赋值运算符重载", "运算符重载-赋值运算符重载\运算符重载-赋值运算符重载.vcxproj", "{4FA0AD07-46C3-4C64-A8C4-8CD807565C32}"
EndProject
Project("{8BC9CEB8-8B4A-11D0-8D11-00A0C91BC942}") = "运算符重载-关系运算符重载", "运算符重载-关系运算符重载\运算符重载-关系运算符重载.vcxproj", "{C20AA212-EA20-44DD-B8CE-986F7EE286F0}"
EndProject
Project("{8BC9CEB8-8B4A-11D0-8D11-00A0C91BC942}") = "运算符重载-函数调用运算符重载", "运算符重载-函数调用运算符重载\运算符重载-函数调用运算符重载.vcxproj", "{2F789C0B-083A-460C-BBEF-93006A98AED9}"
EndProject
Project("{8BC9CEB8-8B4A-11D0-8D11-00A0C91BC942}") = "面向对象的特性-继承的语法与继承方式", "面向对象的特性-继承\面向对象的特性-继承.vcxproj", "{82B08F02-7A30-4017-B77D-72FD6670EC87}"
EndProject
Project("{8BC9CEB8-8B4A-11D0-8D11-00A0C91BC942}") = "面向对象的特性-继承中的对象模型", "面向对象的特性-继承中的对象模型\面向对象的特性-继承中的对象模型.vcxproj", "{D5108430-C701-4744-967C-54EA43D74039}"
EndProject
Project("{8BC9CEB8-8B4A-11D0-8D11-00A0C91BC942}") = "面向对象的特性-继承中构造与析构的顺序", "面向对象的特性-继承中构造与析构的顺序\面向对象的特性-继承中构造与析构的顺序.vcxproj", "{4D1EE751-0748-40DD-B801-3E597DBEB69A}"
EndProject
Project("{8BC9CEB8-8B4A-11D0-8D11-00A0C91BC942}") = "面向对象的特性-同名成员处理方式", "面向对象的特性-同名成员处理方式\面向对象的特性-同名成员处理方式.vcxproj", "{8F459525-5F53-484D-B1CE-93ED389E5BBC}"
EndProject
Project("{8BC9CEB8-8B4A-11D0-8D11-00A0C91BC942}") = "面向对象的特性-同名静态成员处理方式", "面向对象的特性-同名静态成员处理方式\面向对象的特性-同名静态成员处理方式.vcxproj", "{31FCD7F7-AD35-44DE-BE53-4AA9B0A92D4F}"
EndProject
Global
	GlobalSection(SolutionConfigurationPlatforms) = preSolution
		Debug|x64 = Debug|x64
		Debug|x86 = Debug|x86
		Release|x64 = Release|x64
		Release|x86 = Release|x86
	EndGlobalSection
	GlobalSection(ProjectConfigurationPlatforms) = postSolution
		{537DF8FE-E125-49B7-846B-C6EAD3D26C34}.Debug|x64.ActiveCfg = Debug|x64
		{537DF8FE-E125-49B7-846B-C6EAD3D26C34}.Debug|x64.Build.0 = Debug|x64
		{537DF8FE-E125-49B7-846B-C6EAD3D26C34}.Debug|x86.ActiveCfg = Debug|Win32
		{537DF8FE-E125-49B7-846B-C6EAD3D26C34}.Debug|x86.Build.0 = Debug|Win32
		{537DF8FE-E125-49B7-846B-C6EAD3D26C34}.Release|x64.ActiveCfg = Release|x64
		{537DF8FE-E125-49B7-846B-C6EAD3D26C34}.Release|x64.Build.0 = Release|x64
		{537DF8FE-E125-49B7-846B-C6EAD3D26C34}.Release|x86.ActiveCfg = Release|Win32
		{537DF8FE-E125-49B7-846B-C6EAD3D26C34}.Release|x86.Build.0 = Release|Win32
		{D0B04AFE-BBCB-41DD-BC1D-F0A97C0EB6B6}.Debug|x64.ActiveCfg = Debug|x64
		{D0B04AFE-BBCB-41DD-BC1D-F0A97C0EB6B6}.Debug|x64.Build.0 = Debug|x64
		{D0B04AFE-BBCB-41DD-BC1D-F0A97C0EB6B6}.Debug|x86.ActiveCfg = Debug|Win32
		{D0B04AFE-BBCB-41DD-BC1D-F0A97C0EB6B6}.Debug|x86.Build.0 = Debug|Win32
		{D0B04AFE-BBCB-41DD-BC1D-F0A97C0EB6B6}.Release|x64.ActiveCfg = Release|x64
		{D0B04AFE-BBCB-41DD-BC1D-F0A97C0EB6B6}.Release|x64.Build.0 = Release|x64
		{D0B04AFE-BBCB-41DD-BC1D-F0A97C0EB6B6}.Release|x86.ActiveCfg = Release|Win32
		{D0B04AFE-BBCB-41DD-BC1D-F0A97C0EB6B6}.Release|x86.Build.0 = Release|Win32
		{63CBCB3A-29C0-4E03-B2E2-F33FDA22D634}.Debug|x64.ActiveCfg = Debug|x64
		{63CBCB3A-29C0-4E03-B2E2-F33FDA22D634}.Debug|x64.Build.0 = Debug|x64
		{63CBCB3A-29C0-4E03-B2E2-F33FDA22D634}.Debug|x86.ActiveCfg = Debug|Win32
		{63CBCB3A-29C0-4E03-B2E2-F33FDA22D634}.Debug|x86.Build.0 = Debug|Win32
		{63CBCB3A-29C0-4E03-B2E2-F33FDA22D634}.Release|x64.ActiveCfg = Release|x64
		{63CBCB3A-29C0-4E03-B2E2-F33FDA22D634}.Release|x64.Build.0 = Release|x64
		{63CBCB3A-29C0-4E03-B2E2-F33FDA22D634}.Release|x86.ActiveCfg = Release|Win32
		{63CBCB3A-29C0-4E03-B2E2-F33FDA22D634}.Release|x86.Build.0 = Release|Win32
		{F7525E46-9BCF-4B6D-9426-4DA2C5E83602}.Debug|x64.ActiveCfg = Debug|x64
		{F7525E46-9BCF-4B6D-9426-4DA2C5E83602}.Debug|x64.Build.0 = Debug|x64
		{F7525E46-9BCF-4B6D-9426-4DA2C5E83602}.Debug|x86.ActiveCfg = Debug|Win32
		{F7525E46-9BCF-4B6D-9426-4DA2C5E83602}.Debug|x86.Build.0 = Debug|Win32
		{F7525E46-9BCF-4B6D-9426-4DA2C5E83602}.Release|x64.ActiveCfg = Release|x64
		{F7525E46-9BCF-4B6D-9426-4DA2C5E83602}.Release|x64.Build.0 = Release|x64
		{F7525E46-9BCF-4B6D-9426-4DA2C5E83602}.Release|x86.ActiveCfg = Release|Win32
		{F7525E46-9BCF-4B6D-9426-4DA2C5E83602}.Release|x86.Build.0 = Release|Win32
		{F1D342CB-C413-41A7-A338-7BB6EF274F21}.Debug|x64.ActiveCfg = Debug|x64
		{F1D342CB-C413-41A7-A338-7BB6EF274F21}.Debug|x64.Build.0 = Debug|x64
		{F1D342CB-C413-41A7-A338-7BB6EF274F21}.Debug|x86.ActiveCfg = Debug|Win32
		{F1D342CB-C413-41A7-A338-7BB6EF274F21}.Debug|x86.Build.0 = Debug|Win32
		{F1D342CB-C413-41A7-A338-7BB6EF274F21}.Release|x64.ActiveCfg = Release|x64
		{F1D342CB-C413-41A7-A338-7BB6EF274F21}.Release|x64.Build.0 = Release|x64
		{F1D342CB-C413-41A7-A338-7BB6EF274F21}.Release|x86.ActiveCfg = Release|Win32
		{F1D342CB-C413-41A7-A338-7BB6EF274F21}.Release|x86.Build.0 = Release|Win32
		{4788CDAC-6C53-4E00-9B41-AA602D720677}.Debug|x64.ActiveCfg = Debug|x64
		{4788CDAC-6C53-4E00-9B41-AA602D720677}.Debug|x64.Build.0 = Debug|x64
		{4788CDAC-6C53-4E00-9B41-AA602D720677}.Debug|x86.ActiveCfg = Debug|Win32
		{4788CDAC-6C53-4E00-9B41-AA602D720677}.Debug|x86.Build.0 = Debug|Win32
		{4788CDAC-6C53-4E00-9B41-AA602D720677}.Release|x64.ActiveCfg = Release|x64
		{4788CDAC-6C53-4E00-9B41-AA602D720677}.Release|x64.Build.0 = Release|x64
		{4788CDAC-6C53-4E00-9B41-AA602D720677}.Release|x86.ActiveCfg = Release|Win32
		{4788CDAC-6C53-4E00-9B41-AA602D720677}.Release|x86.Build.0 = Release|Win32
		{4D72E0AF-818A-49C9-98AC-0FACE2720887}.Debug|x64.ActiveCfg = Debug|x64
		{4D72E0AF-818A-49C9-98AC-0FACE2720887}.Debug|x64.Build.0 = Debug|x64
		{4D72E0AF-818A-49C9-98AC-0FACE2720887}.Debug|x86.ActiveCfg = Debug|Win32
		{4D72E0AF-818A-49C9-98AC-0FACE2720887}.Debug|x86.Build.0 = Debug|Win32
		{4D72E0AF-818A-49C9-98AC-0FACE2720887}.Release|x64.ActiveCfg = Release|x64
		{4D72E0AF-818A-49C9-98AC-0FACE2720887}.Release|x64.Build.0 = Release|x64
		{4D72E0AF-818A-49C9-98AC-0FACE2720887}.Release|x86.ActiveCfg = Release|Win32
		{4D72E0AF-818A-49C9-98AC-0FACE2720887}.Release|x86.Build.0 = Release|Win32
		{617452C7-EEAF-4071-AD12-F94F5A8AF987}.Debug|x64.ActiveCfg = Debug|x64
		{617452C7-EEAF-4071-AD12-F94F5A8AF987}.Debug|x64.Build.0 = Debug|x64
		{617452C7-EEAF-4071-AD12-F94F5A8AF987}.Debug|x86.ActiveCfg = Debug|Win32
		{617452C7-EEAF-4071-AD12-F94F5A8AF987}.Debug|x86.Build.0 = Debug|Win32
		{617452C7-EEAF-4071-AD12-F94F5A8AF987}.Release|x64.ActiveCfg = Release|x64
		{617452C7-EEAF-4071-AD12-F94F5A8AF987}.Release|x64.Build.0 = Release|x64
		{617452C7-EEAF-4071-AD12-F94F5A8AF987}.Release|x86.ActiveCfg = Release|Win32
		{617452C7-EEAF-4071-AD12-F94F5A8AF987}.Release|x86.Build.0 = Release|Win32
		{F8A0013B-65D9-4A04-8FAA-3E32EEAAAA9B}.Debug|x64.ActiveCfg = Debug|x64
		{F8A0013B-65D9-4A04-8FAA-3E32EEAAAA9B}.Debug|x64.Build.0 = Debug|x64
		{F8A0013B-65D9-4A04-8FAA-3E32EEAAAA9B}.Debug|x86.ActiveCfg = Debug|Win32
		{F8A0013B-65D9-4A04-8FAA-3E32EEAAAA9B}.Debug|x86.Build.0 = Debug|Win32
		{F8A0013B-65D9-4A04-8FAA-3E32EEAAAA9B}.Release|x64.ActiveCfg = Release|x64
		{F8A0013B-65D9-4A04-8FAA-3E32EEAAAA9B}.Release|x64.Build.0 = Release|x64
		{F8A0013B-65D9-4A04-8FAA-3E32EEAAAA9B}.Release|x86.ActiveCfg = Release|Win32
		{F8A0013B-65D9-4A04-8FAA-3E32EEAAAA9B}.Release|x86.Build.0 = Release|Win32
		{4FA0AD07-46C3-4C64-A8C4-8CD807565C32}.Debug|x64.ActiveCfg = Debug|x64
		{4FA0AD07-46C3-4C64-A8C4-8CD807565C32}.Debug|x64.Build.0 = Debug|x64
		{4FA0AD07-46C3-4C64-A8C4-8CD807565C32}.Debug|x86.ActiveCfg = Debug|Win32
		{4FA0AD07-46C3-4C64-A8C4-8CD807565C32}.Debug|x86.Build.0 = Debug|Win32
		{4FA0AD07-46C3-4C64-A8C4-8CD807565C32}.Release|x64.ActiveCfg = Release|x64
		{4FA0AD07-46C3-4C64-A8C4-8CD807565C32}.Release|x64.Build.0 = Release|x64
		{4FA0AD07-46C3-4C64-A8C4-8CD807565C32}.Release|x86.ActiveCfg = Release|Win32
		{4FA0AD07-46C3-4C64-A8C4-8CD807565C32}.Release|x86.Build.0 = Release|Win32
		{C20AA212-EA20-44DD-B8CE-986F7EE286F0}.Debug|x64.ActiveCfg = Debug|x64
		{C20AA212-EA20-44DD-B8CE-986F7EE286F0}.Debug|x64.Build.0 = Debug|x64
		{C20AA212-EA20-44DD-B8CE-986F7EE286F0}.Debug|x86.ActiveCfg = Debug|Win32
		{C20AA212-EA20-44DD-B8CE-986F7EE286F0}.Debug|x86.Build.0 = Debug|Win32
		{C20AA212-EA20-44DD-B8CE-986F7EE286F0}.Release|x64.ActiveCfg = Release|x64
		{C20AA212-EA20-44DD-B8CE-986F7EE286F0}.Release|x64.Build.0 = Release|x64
		{C20AA212-EA20-44DD-B8CE-986F7EE286F0}.Release|x86.ActiveCfg = Release|Win32
		{C20AA212-EA20-44DD-B8CE-986F7EE286F0}.Release|x86.Build.0 = Release|Win32
		{2F789C0B-083A-460C-BBEF-93006A98AED9}.Debug|x64.ActiveCfg = Debug|x64
		{2F789C0B-083A-460C-BBEF-93006A98AED9}.Debug|x64.Build.0 = Debug|x64
		{2F789C0B-083A-460C-BBEF-93006A98AED9}.Debug|x86.ActiveCfg = Debug|Win32
		{2F789C0B-083A-460C-BBEF-93006A98AED9}.Debug|x86.Build.0 = Debug|Win32
		{2F789C0B-083A-460C-BBEF-93006A98AED9}.Release|x64.ActiveCfg = Release|x64
		{2F789C0B-083A-460C-BBEF-93006A98AED9}.Release|x64.Build.0 = Release|x64
		{2F789C0B-083A-460C-BBEF-93006A98AED9}.Release|x86.ActiveCfg = Release|Win32
		{2F789C0B-083A-460C-BBEF-93006A98AED9}.Release|x86.Build.0 = Release|Win32
		{82B08F02-7A30-4017-B77D-72FD6670EC87}.Debug|x64.ActiveCfg = Debug|x64
		{82B08F02-7A30-4017-B77D-72FD6670EC87}.Debug|x64.Build.0 = Debug|x64
		{82B08F02-7A30-4017-B77D-72FD6670EC87}.Debug|x86.ActiveCfg = Debug|Win32
		{82B08F02-7A30-4017-B77D-72FD6670EC87}.Debug|x86.Build.0 = Debug|Win32
		{82B08F02-7A30-4017-B77D-72FD6670EC87}.Release|x64.ActiveCfg = Release|x64
		{82B08F02-7A30-4017-B77D-72FD6670EC87}.Release|x64.Build.0 = Release|x64
		{82B08F02-7A30-4017-B77D-72FD6670EC87}.Release|x86.ActiveCfg = Release|Win32
		{82B08F02-7A30-4017-B77D-72FD6670EC87}.Release|x86.Build.0 = Release|Win32
		{D5108430-C701-4744-967C-54EA43D74039}.Debug|x64.ActiveCfg = Debug|x64
		{D5108430-C701-4744-967C-54EA43D74039}.Debug|x64.Build.0 = Debug|x64
		{D5108430-C701-4744-967C-54EA43D74039}.Debug|x86.ActiveCfg = Debug|Win32
		{D5108430-C701-4744-967C-54EA43D74039}.Debug|x86.Build.0 = Debug|Win32
		{D5108430-C701-4744-967C-54EA43D74039}.Release|x64.ActiveCfg = Release|x64
		{D5108430-C701-4744-967C-54EA43D74039}.Release|x64.Build.0 = Release|x64
		{D5108430-C701-4744-967C-54EA43D74039}.Release|x86.ActiveCfg = Release|Win32
		{D5108430-C701-4744-967C-54EA43D74039}.Release|x86.Build.0 = Release|Win32
		{4D1EE751-0748-40DD-B801-3E597DBEB69A}.Debug|x64.ActiveCfg = Debug|x64
		{4D1EE751-0748-40DD-B801-3E597DBEB69A}.Debug|x64.Build.0 = Debug|x64
		{4D1EE751-0748-40DD-B801-3E597DBEB69A}.Debug|x86.ActiveCfg = Debug|Win32
		{4D1EE751-0748-40DD-B801-3E597DBEB69A}.Debug|x86.Build.0 = Debug|Win32
		{4D1EE751-0748-40DD-B801-3E597DBEB69A}.Release|x64.ActiveCfg = Release|x64
		{4D1EE751-0748-40DD-B801-3E597DBEB69A}.Release|x64.Build.0 = Release|x64
		{4D1EE751-0748-40DD-B801-3E597DBEB69A}.Release|x86.ActiveCfg = Release|Win32
		{4D1EE751-0748-40DD-B801-3E597DBEB69A}.Release|x86.Build.0 = Release|Win32
		{8F459525-5F53-484D-B1CE-93ED389E5BBC}.Debug|x64.ActiveCfg = Debug|x64
		{8F459525-5F53-484D-B1CE-93ED389E5BBC}.Debug|x64.Build.0 = Debug|x64
		{8F459525-5F53-484D-B1CE-93ED389E5BBC}.Debug|x86.ActiveCfg = Debug|Win32
		{8F459525-5F53-484D-B1CE-93ED389E5BBC}.Debug|x86.Build.0 = Debug|Win32
		{8F459525-5F53-484D-B1CE-93ED389E5BBC}.Release|x64.ActiveCfg = Release|x64
		{8F459525-5F53-484D-B1CE-93ED389E5BBC}.Release|x64.Build.0 = Release|x64
		{8F459525-5F53-484D-B1CE-93ED389E5BBC}.Release|x86.ActiveCfg = Release|Win32
		{8F459525-5F53-484D-B1CE-93ED389E5BBC}.Release|x86.Build.0 = Release|Win32
		{31FCD7F7-AD35-44DE-BE53-4AA9B0A92D4F}.Debug|x64.ActiveCfg = Debug|x64
		{31FCD7F7-AD35-44DE-BE53-4AA9B0A92D4F}.Debug|x64.Build.0 = Debug|x64
		{31FCD7F7-AD35-44DE-BE53-4AA9B0A92D4F}.Debug|x86.ActiveCfg = Debug|Win32
		{31FCD7F7-AD35-44DE-BE53-4AA9B0A92D4F}.Debug|x86.Build.0 = Debug|Win32
		{31FCD7F7-AD35-44DE-BE53-4AA9B0A92D4F}.Release|x64.ActiveCfg = Release|x64
		{31FCD7F7-AD35-44DE-BE53-4AA9B0A92D4F}.Release|x64.Build.0 = Release|x64
		{31FCD7F7-AD35-44DE-BE53-4AA9B0A92D4F}.Release|x86.ActiveCfg = Release|Win32
		{31FCD7F7-AD35-44DE-BE53-4AA9B0A92D4F}.Release|x86.Build.0 = Release|Win32
	EndGlobalSection
	GlobalSection(SolutionProperties) = preSolution
		HideSolutionNode = FALSE
	EndGlobalSection
	GlobalSection(ExtensibilityGlobals) = postSolution
		SolutionGuid = {ABC42063-A0F0-4798-807E-39D232D10F7E}
	EndGlobalSection
EndGlobal
